
Microsoft Visual Studio Solution File, Format Version 12.00
# Visual Studio Version 17
VisualStudioVersion = 17.0.31919.166
MinimumVisualStudioVersion = 10.0.40219.1
Project("{9A19103F-16F7-4668-BE54-9A1E7A4F7556}") = "Datatone.OperationResult", "Datatone.OperationResult\Datatone.OperationResult.csproj", "{AAC09347-F0A2-4E5B-9551-F5505279C3E2}"
EndProject
Project("{9A19103F-16F7-4668-BE54-9A1E7A4F7556}") = "Datatone.OperationResult.Tests", "Datatone.OperationResult.Tests\Datatone.OperationResult.Tests.csproj", "{C5431A9E-DA6E-461C-87F7-6290D97DD8FA}"
EndProject
Project("{2150E333-8FDC-42A3-9474-1A3956D46DE8}") = "Solution Items", "Solution Items", "{2F2FEA93-C2B7-41E7-9AB3-5E775145B93F}"
	ProjectSection(SolutionItems) = preProject
		.gitignore = .gitignore
	EndProjectSection
EndProject
Global
	GlobalSection(SolutionConfigurationPlatforms) = preSolution
		Debug|Any CPU = Debug|Any CPU
		Release|Any CPU = Release|Any CPU
	EndGlobalSection
	GlobalSection(ProjectConfigurationPlatforms) = postSolution
		{AAC09347-F0A2-4E5B-9551-F5505279C3E2}.Debug|Any CPU.ActiveCfg = Debug|Any CPU
		{AAC09347-F0A2-4E5B-9551-F5505279C3E2}.Debug|Any CPU.Build.0 = Debug|Any CPU
		{AAC09347-F0A2-4E5B-9551-F5505279C3E2}.Release|Any CPU.ActiveCfg = Release|Any CPU
		{AAC09347-F0A2-4E5B-9551-F5505279C3E2}.Release|Any CPU.Build.0 = Release|Any CPU
		{C5431A9E-DA6E-461C-87F7-6290D97DD8FA}.Debug|Any CPU.ActiveCfg = Debug|Any CPU
		{C5431A9E-DA6E-461C-87F7-6290D97DD8FA}.Debug|Any CPU.Build.0 = Debug|Any CPU
		{C5431A9E-DA6E-461C-87F7-6290D97DD8FA}.Release|Any CPU.ActiveCfg = Release|Any CPU
		{C5431A9E-DA6E-461C-87F7-6290D97DD8FA}.Release|Any CPU.Build.0 = Release|Any CPU
	EndGlobalSection
	GlobalSection(SolutionProperties) = preSolution
		HideSolutionNode = FALSE
	EndGlobalSection
	GlobalSection(ExtensibilityGlobals) = postSolution
		SolutionGuid = {768D0244-A7B4-4643-97CA-E2C510B0C620}
	EndGlobalSection
EndGlobal
